
Microsoft Visual Studio Solution File, Format Version 12.00
# Visual Studio Version 16
VisualStudioVersion = 16.0.32106.194
MinimumVisualStudioVersion = 10.0.40219.1
Project("{FAE04EC0-301F-11D3-BF4B-00C04F79EFBC}") = "ASSIGNMENT 2", "ASSIGNMENT 2.csproj", "{E4FA3C3C-4D33-49D7-B6CF-304DA7650A10}"
EndProject
Global
	GlobalSection(SolutionConfigurationPlatforms) = preSolution
		Debug|Any CPU = Debug|Any CPU
		Release|Any CPU = Release|Any CPU
	EndGlobalSection
	GlobalSection(ProjectConfigurationPlatforms) = postSolution
		{E4FA3C3C-4D33-49D7-B6CF-304DA7650A10}.Debug|Any CPU.ActiveCfg = Debug|Any CPU
		{E4FA3C3C-4D33-49D7-B6CF-304DA7650A10}.Debug|Any CPU.Build.0 = Debug|Any CPU
		{E4FA3C3C-4D33-49D7-B6CF-304DA7650A10}.Release|Any CPU.ActiveCfg = Release|Any CPU
		{E4FA3C3C-4D33-49D7-B6CF-304DA7650A10}.Release|Any CPU.Build.0 = Release|Any CPU
	EndGlobalSection
	GlobalSection(SolutionProperties) = preSolution
		HideSolutionNode = FALSE
	EndGlobalSection
	GlobalSection(ExtensibilityGlobals) = postSolution
		SolutionGuid = {CC567874-A2DE-45C3-A97C-86FA28E321B4}
	EndGlobalSection
EndGlobal
